
Microsoft Visual Studio Solution File, Format Version 12.00
# Visual Studio Version 16
VisualStudioVersion = 16.0.34601.136
MinimumVisualStudioVersion = 10.0.40219.1
Project("{FAE04EC0-301F-11D3-BF4B-00C04F79EFBC}") = "Lab3OBD", "Lab3OBD\Lab3OBD.csproj", "{9E9576B7-EC57-46F1-9185-013E8852DE67}"
EndProject
Global
	GlobalSection(SolutionConfigurationPlatforms) = preSolution
		Debug|Any CPU = Debug|Any CPU
		Release|Any CPU = Release|Any CPU
	EndGlobalSection
	GlobalSection(ProjectConfigurationPlatforms) = postSolution
		{9E9576B7-EC57-46F1-9185-013E8852DE67}.Debug|Any CPU.ActiveCfg = Debug|Any CPU
		{9E9576B7-EC57-46F1-9185-013E8852DE67}.Debug|Any CPU.Build.0 = Debug|Any CPU
		{9E9576B7-EC57-46F1-9185-013E8852DE67}.Release|Any CPU.ActiveCfg = Release|Any CPU
		{9E9576B7-EC57-46F1-9185-013E8852DE67}.Release|Any CPU.Build.0 = Release|Any CPU
	EndGlobalSection
	GlobalSection(SolutionProperties) = preSolution
		HideSolutionNode = FALSE
	EndGlobalSection
	GlobalSection(ExtensibilityGlobals) = postSolution
		SolutionGuid = {DFD62535-0A21-425E-80E5-7FC44CD462F8}
	EndGlobalSection
EndGlobal
